
Microsoft Visual Studio Solution File, Format Version 12.00
# Visual Studio Version 16
VisualStudioVersion = 16.0.31005.135
MinimumVisualStudioVersion = 10.0.40219.1
Project("{FAE04EC0-301F-11D3-BF4B-00C04F79EFBC}") = "apiPersona", "apiPersona\apiPersona.csproj", "{A456F96A-428D-4B72-93A4-13971AA41FA4}"
EndProject
Project("{FAE04EC0-301F-11D3-BF4B-00C04F79EFBC}") = "apiPersona.Tests", "apiPersona.Tests\apiPersona.Tests.csproj", "{8F94AE50-2DEE-4E76-AA65-EDF1B9AD054A}"
EndProject
Global
	GlobalSection(SolutionConfigurationPlatforms) = preSolution
		Debug|Any CPU = Debug|Any CPU
		Release|Any CPU = Release|Any CPU
	EndGlobalSection
	GlobalSection(ProjectConfigurationPlatforms) = postSolution
		{A456F96A-428D-4B72-93A4-13971AA41FA4}.Debug|Any CPU.ActiveCfg = Debug|Any CPU
		{A456F96A-428D-4B72-93A4-13971AA41FA4}.Debug|Any CPU.Build.0 = Debug|Any CPU
		{A456F96A-428D-4B72-93A4-13971AA41FA4}.Release|Any CPU.ActiveCfg = Release|Any CPU
		{A456F96A-428D-4B72-93A4-13971AA41FA4}.Release|Any CPU.Build.0 = Release|Any CPU
		{8F94AE50-2DEE-4E76-AA65-EDF1B9AD054A}.Debug|Any CPU.ActiveCfg = Debug|Any CPU
		{8F94AE50-2DEE-4E76-AA65-EDF1B9AD054A}.Debug|Any CPU.Build.0 = Debug|Any CPU
		{8F94AE50-2DEE-4E76-AA65-EDF1B9AD054A}.Release|Any CPU.ActiveCfg = Release|Any CPU
		{8F94AE50-2DEE-4E76-AA65-EDF1B9AD054A}.Release|Any CPU.Build.0 = Release|Any CPU
	EndGlobalSection
	GlobalSection(SolutionProperties) = preSolution
		HideSolutionNode = FALSE
	EndGlobalSection
	GlobalSection(ExtensibilityGlobals) = postSolution
		SolutionGuid = {A6320B47-8A64-4DEE-9D37-EB52A21CE541}
	EndGlobalSection
EndGlobal
